
Microsoft Visual Studio Solution File, Format Version 12.00
# Visual Studio Version 17
VisualStudioVersion = 17.8.34511.84
MinimumVisualStudioVersion = 10.0.40219.1
Project("{9A19103F-16F7-4668-BE54-9A1E7A4F7556}") = "backend", "backend.csproj", "{A44A31BA-71AD-4857-ADA5-43F2525936B3}"
EndProject
Global
	GlobalSection(SolutionConfigurationPlatforms) = preSolution
		Debug|Any CPU = Debug|Any CPU
		Release|Any CPU = Release|Any CPU
	EndGlobalSection
	GlobalSection(ProjectConfigurationPlatforms) = postSolution
		{A44A31BA-71AD-4857-ADA5-43F2525936B3}.Debug|Any CPU.ActiveCfg = Debug|Any CPU
		{A44A31BA-71AD-4857-ADA5-43F2525936B3}.Debug|Any CPU.Build.0 = Debug|Any CPU
		{A44A31BA-71AD-4857-ADA5-43F2525936B3}.Release|Any CPU.ActiveCfg = Release|Any CPU
		{A44A31BA-71AD-4857-ADA5-43F2525936B3}.Release|Any CPU.Build.0 = Release|Any CPU
	EndGlobalSection
	GlobalSection(SolutionProperties) = preSolution
		HideSolutionNode = FALSE
	EndGlobalSection
	GlobalSection(ExtensibilityGlobals) = postSolution
		SolutionGuid = {276D5EBC-B548-4F75-B3EE-00333B4248E0}
	EndGlobalSection
EndGlobal
